PODS:
  - TextFieldEffects (1.4.0)

DEPENDENCIES:
  - TextFieldEffects

SPEC REPOS:
  https://github.com/cocoapods/specs.git:
    - TextFieldEffects

SPEC CHECKSUMS:
  TextFieldEffects: 4ee41b5216e674d55fb6ac25107bf1af7629176f

PODFILE CHECKSUM: 12a0409cef73acbb9f4a0dd9284e9c0624af47f1

COCOAPODS: 1.5.3
