// !$*UTF8*$!
{
	archiveVersion = 1;
	classes = {
	};
	objectVersion = 48;
	objects = {

/* Begin PBXBuildFile section */
		6B49A0DF953775987360EA3C /* Pods_CoinFitTests.framework in Frameworks */ = {isa = PBXBuildFile; fileRef = A01231FDD5694FC871D4F159 /* Pods_CoinFitTests.framework */; };
		BED4F8549730AE1B54CD0850 /* Pods_CoinFitUITests.framework in Frameworks */ = {isa = PBXBuildFile; fileRef = A319435376FC90946DEC10E2 /* Pods_CoinFitUITests.framework */; };
		D75B41C11FF18CBB003782CB /* AppDelegate.swift in Sources */ = {isa = PBXBuildFile; fileRef = D75B41C01FF18CBB003782CB /* AppDelegate.swift */; };
		D75B41C31FF18CBB003782CB /* ViewController.swift in Sources */ = {isa = PBXBuildFile; fileRef = D75B41C21FF18CBB003782CB /* ViewController.swift */; };
		D75B41C61FF18CBB003782CB /* Main.storyboard in Resources */ = {isa = PBXBuildFile; fileRef = D75B41C41FF18CBB003782CB /* Main.storyboard */; };
		D75B41C91FF18CBB003782CB /* CoinFit.xcdatamodeld in Sources */ = {isa = PBXBuildFile; fileRef = D75B41C71FF18CBB003782CB /* CoinFit.xcdatamodeld */; };
		D75B41CB1FF18CBB003782CB /* Assets.xcassets in Resources */ = {isa = PBXBuildFile; fileRef = D75B41CA1FF18CBB003782CB /* Assets.xcassets */; };
		D75B41CE1FF18CBB003782CB /* LaunchScreen.storyboard in Resources */ = {isa = PBXBuildFile; fileRef = D75B41CC1FF18CBB003782CB /* LaunchScreen.storyboard */; };
		D75B41D91FF18CBB003782CB /* CoinFitTests.swift in Sources */ = {isa = PBXBuildFile; fileRef = D75B41D81FF18CBB003782CB /* CoinFitTests.swift */; };
		D75B41E41FF18CBB003782CB /* CoinFitUITests.swift in Sources */ = {isa = PBXBuildFile; fileRef = D75B41E31FF18CBB003782CB /* CoinFitUITests.swift */; };
		DA37DFD6FF7AF4C485C86DF4 /* Pods_CoinFit.framework in Frameworks */ = {isa = PBXBuildFile; fileRef = 51F4ADCF62840961176850F4 /* Pods_CoinFit.framework */; };
/* End PBXBuildFile section */

/* Begin PBXContainerItemProxy section */
		D75B41D51FF18CBB003782CB /* PBXContainerItemProxy */ = {
			isa = PBXContainerItemProxy;
			containerPortal = D75B41B51FF18CBB003782CB /* Project object */;
			proxyType = 1;
			remoteGlobalIDString = D75B41BC1FF18CBB003782CB;
			remoteInfo = CoinFit;
		};
		D75B41E01FF18CBB003782CB /* PBXContainerItemProxy */ = {
			isa = PBXContainerItemProxy;
			containerPortal = D75B41B51FF18CBB003782CB /* Project object */;
			proxyType = 1;
			remoteGlobalIDString = D75B41BC1FF18CBB003782CB;
			remoteInfo = CoinFit;
		};
/* End PBXContainerItemProxy section */

/* Begin PBXFileReference section */
		190E2C1E736A53F29675310C /* Pods-CoinFitUITests.debug.xcconfig */ = {isa = PBXFileReference; includeInIndex = 1; lastKnownFileType = text.xcconfig; name = "Pods-CoinFitUITests.debug.xcconfig"; path = "Pods/Target Support Files/Pods-CoinFitUITests/Pods-CoinFitUITests.debug.xcconfig"; sourceTree = "<group>"; };
		389CE5824DE0F381F8777DD5 /* Pods-CoinFitTests.release.xcconfig */ = {isa = PBXFileReference; includeInIndex = 1; lastKnownFileType = text.xcconfig; name = "Pods-CoinFitTests.release.xcconfig"; path = "Pods/Target Support Files/Pods-CoinFitTests/Pods-CoinFitTests.release.xcconfig"; sourceTree = "<group>"; };
		51F4ADCF62840961176850F4 /* Pods_CoinFit.framework */ = {isa = PBXFileReference; explicitFileType = wrapper.framework; includeInIndex = 0; path = Pods_CoinFit.framework; sourceTree = BUILT_PRODUCTS_DIR; };
		86F906DB73E51508B0E87BCC /* Pods-CoinFit.debug.xcconfig */ = {isa = PBXFileReference; includeInIndex = 1; lastKnownFileType = text.xcconfig; name = "Pods-CoinFit.debug.xcconfig"; path = "Pods/Target Support Files/Pods-CoinFit/Pods-CoinFit.debug.xcconfig"; sourceTree = "<group>"; };
		965A1E58FC79DF7207FA9002 /* Pods-CoinFit.release.xcconfig */ = {isa = PBXFileReference; includeInIndex = 1; lastKnownFileType = text.xcconfig; name = "Pods-CoinFit.release.xcconfig"; path = "Pods/Target Support Files/Pods-CoinFit/Pods-CoinFit.release.xcconfig"; sourceTree = "<group>"; };
		A01231FDD5694FC871D4F159 /* Pods_CoinFitTests.framework */ = {isa = PBXFileReference; explicitFileType = wrapper.framework; includeInIndex = 0; path = Pods_CoinFitTests.framework; sourceTree = BUILT_PRODUCTS_DIR; };
		A319435376FC90946DEC10E2 /* Pods_CoinFitUITests.framework */ = {isa = PBXFileReference; explicitFileType = wrapper.framework; includeInIndex = 0; path = Pods_CoinFitUITests.framework; sourceTree = BUILT_PRODUCTS_DIR; };
		BD56E72C10B9B8E942EDF2D4 /* Pods-CoinFitUITests.release.xcconfig */ = {isa = PBXFileReference; includeInIndex = 1; lastKnownFileType = text.xcconfig; name = "Pods-CoinFitUITests.release.xcconfig"; path = "Pods/Target Support Files/Pods-CoinFitUITests/Pods-CoinFitUITests.release.xcconfig"; sourceTree = "<group>"; };
		D5D8C516FD7E73F7D72C50D3 /* Pods-CoinFitTests.debug.xcconfig */ = {isa = PBXFileReference; includeInIndex = 1; lastKnownFileType = text.xcconfig; name = "Pods-CoinFitTests.debug.xcconfig"; path = "Pods/Target Support Files/Pods-CoinFitTests/Pods-CoinFitTests.debug.xcconfig"; sourceTree = "<group>"; };
		D75B41BD1FF18CBB003782CB /* CoinFit.app */ = {isa = PBXFileReference; explicitFileType = wrapper.application; includeInIndex = 0; path = CoinFit.app; sourceTree = BUILT_PRODUCTS_DIR; };
		D75B41C01FF18CBB003782CB /* AppDelegate.swift */ = {isa = PBXFileReference; lastKnownFileType = sourcecode.swift; path = AppDelegate.swift; sourceTree = "<group>"; };
		D75B41C21FF18CBB003782CB /* ViewController.swift */ = {isa = PBXFileReference; lastKnownFileType = sourcecode.swift; path = ViewController.swift; sourceTree = "<group>"; };
		D75B41C51FF18CBB003782CB /* Base */ = {isa = PBXFileReference; lastKnownFileType = file.storyboard; name = Base; path = Base.lproj/Main.storyboard; sourceTree = "<group>"; };
		D75B41C81FF18CBB003782CB /* CoinFit.xcdatamodel */ = {isa = PBXFileReference; lastKnownFileType = wrapper.xcdatamodel; path = CoinFit.xcdatamodel; sourceTree = "<group>"; };
		D75B41CA1FF18CBB003782CB /* Assets.xcassets */ = {isa = PBXFileReference; lastKnownFileType = folder.assetcatalog; path = Assets.xcassets; sourceTree = "<group>"; };
		D75B41CD1FF18CBB003782CB /* Base */ = {isa = PBXFileReference; lastKnownFileType = file.storyboard; name = Base; path = Base.lproj/LaunchScreen.storyboard; sourceTree = "<group>"; };
		D75B41CF1FF18CBB003782CB /* Info.plist */ = {isa = PBXFileReference; lastKnownFileType = text.plist.xml; path = Info.plist; sourceTree = "<group>"; };
		D75B41D41FF18CBB003782CB /* CoinFitTests.xctest */ = {isa = PBXFileReference; explicitFileType = wrapper.cfbundle; includeInIndex = 0; path = CoinFitTests.xctest; sourceTree = BUILT_PRODUCTS_DIR; };
		D75B41D81FF18CBB003782CB /* CoinFitTests.swift */ = {isa = PBXFileReference; lastKnownFileType = sourcecode.swift; path = CoinFitTests.swift; sourceTree = "<group>"; };
		D75B41DA1FF18CBB003782CB /* Info.plist */ = {isa = PBXFileReference; lastKnownFileType = text.plist.xml; path = Info.plist; sourceTree = "<group>"; };
		D75B41DF1FF18CBB003782CB /* CoinFitUITests.xctest */ = {isa = PBXFileReference; explicitFileType = wrapper.cfbundle; includeInIndex = 0; path = CoinFitUITests.xctest; sourceTree = BUILT_PRODUCTS_DIR; };
		D75B41E31FF18CBB003782CB /* CoinFitUITests.swift */ = {isa = PBXFileReference; lastKnownFileType = sourcecode.swift; path = CoinFitUITests.swift; sourceTree = "<group>"; };
		D75B41E51FF18CBB003782CB /* Info.plist */ = {isa = PBXFileReference; lastKnownFileType = text.plist.xml; path = Info.plist; sourceTree = "<group>"; };
/* End PBXFileReference section */

/* Begin PBXFrameworksBuildPhase section */
		D75B41BA1FF18CBB003782CB /* Frameworks */ = {
			isa = PBXFrameworksBuildPhase;
			buildActionMask = 2147483647;
			files = (
				DA37DFD6FF7AF4C485C86DF4 /* Pods_CoinFit.framework in Frameworks */,
			);
			runOnlyForDeploymentPostprocessing = 0;
		};
		D75B41D11FF18CBB003782CB /* Frameworks */ = {
			isa = PBXFrameworksBuildPhase;
			buildActionMask = 2147483647;
			files = (
				6B49A0DF953775987360EA3C /* Pods_CoinFitTests.framework in Frameworks */,
			);
			runOnlyForDeploymentPostprocessing = 0;
		};
		D75B41DC1FF18CBB003782CB /* Frameworks */ = {
			isa = PBXFrameworksBuildPhase;
			buildActionMask = 2147483647;
			files = (
				BED4F8549730AE1B54CD0850 /* Pods_CoinFitUITests.framework in Frameworks */,
			);
			runOnlyForDeploymentPostprocessing = 0;
		};
/* End PBXFrameworksBuildPhase section */

/* Begin PBXGroup section */
		B2E009829102B91419FAB158 /* Frameworks */ = {
			isa = PBXGroup;
			children = (
				51F4ADCF62840961176850F4 /* Pods_CoinFit.framework */,
				A01231FDD5694FC871D4F159 /* Pods_CoinFitTests.framework */,
				A319435376FC90946DEC10E2 /* Pods_CoinFitUITests.framework */,
			);
			name = Frameworks;
			sourceTree = "<group>";
		};
		C6215558C73EE8901FE192EC /* Pods */ = {
			isa = PBXGroup;
			children = (
				86F906DB73E51508B0E87BCC /* Pods-CoinFit.debug.xcconfig */,
				965A1E58FC79DF7207FA9002 /* Pods-CoinFit.release.xcconfig */,
				D5D8C516FD7E73F7D72C50D3 /* Pods-CoinFitTests.debug.xcconfig */,
				389CE5824DE0F381F8777DD5 /* Pods-CoinFitTests.release.xcconfig */,
				190E2C1E736A53F29675310C /* Pods-CoinFitUITests.debug.xcconfig */,
				BD56E72C10B9B8E942EDF2D4 /* Pods-CoinFitUITests.release.xcconfig */,
			);
			name = Pods;
			sourceTree = "<group>";
		};
		D75B41B41FF18CBB003782CB = {
			isa = PBXGroup;
			children = (
				D75B41BF1FF18CBB003782CB /* CoinFit */,
				D75B41D71FF18CBB003782CB /* CoinFitTests */,
				D75B41E21FF18CBB003782CB /* CoinFitUITests */,
				D75B41BE1FF18CBB003782CB /* Products */,
				C6215558C73EE8901FE192EC /* Pods */,
				B2E009829102B91419FAB158 /* Frameworks */,
			);
			sourceTree = "<group>";
		};
		D75B41BE1FF18CBB003782CB /* Products */ = {
			isa = PBXGroup;
			children = (
				D75B41BD1FF18CBB003782CB /* CoinFit.app */,
				D75B41D41FF18CBB003782CB /* CoinFitTests.xctest */,
				D75B41DF1FF18CBB003782CB /* CoinFitUITests.xctest */,
			);
			name = Products;
			sourceTree = "<group>";
		};
		D75B41BF1FF18CBB003782CB /* CoinFit */ = {
			isa = PBXGroup;
			children = (
				D75B41C01FF18CBB003782CB /* AppDelegate.swift */,
				D75B41C21FF18CBB003782CB /* ViewController.swift */,
				D75B41C41FF18CBB003782CB /* Main.storyboard */,
				D75B41CA1FF18CBB003782CB /* Assets.xcassets */,
				D75B41CC1FF18CBB003782CB /* LaunchScreen.storyboard */,
				D75B41CF1FF18CBB003782CB /* Info.plist */,
				D75B41C71FF18CBB003782CB /* CoinFit.xcdatamodeld */,
			);
			path = CoinFit;
			sourceTree = "<group>";
		};
		D75B41D71FF18CBB003782CB /* CoinFitTests */ = {
			isa = PBXGroup;
			children = (
				D75B41D81FF18CBB003782CB /* CoinFitTests.swift */,
				D75B41DA1FF18CBB003782CB /* Info.plist */,
			);
			path = CoinFitTests;
			sourceTree = "<group>";
		};
		D75B41E21FF18CBB003782CB /* CoinFitUITests */ = {
			isa = PBXGroup;
			children = (
				D75B41E31FF18CBB003782CB /* CoinFitUITests.swift */,
				D75B41E51FF18CBB003782CB /* Info.plist */,
			);
			path = CoinFitUITests;
			sourceTree = "<group>";
		};
/* End PBXGroup section */

/* Begin PBXNativeTarget section */
		D75B41BC1FF18CBB003782CB /* CoinFit */ = {
			isa = PBXNativeTarget;
			buildConfigurationList = D75B41E81FF18CBB003782CB /* Build configuration list for PBXNativeTarget "CoinFit" */;
			buildPhases = (
				9F13A2E5969FB341795624B3 /* [CP] Check Pods Manifest.lock */,
				D75B41B91FF18CBB003782CB /* Sources */,
				D75B41BA1FF18CBB003782CB /* Frameworks */,
				D75B41BB1FF18CBB003782CB /* Resources */,
				E287878A5165191D47F67CED /* [CP] Embed Pods Frameworks */,
				B87D11A311B9A0DA499813AE /* [CP] Copy Pods Resources */,
			);
			buildRules = (
			);
			dependencies = (
			);
			name = CoinFit;
			productName = CoinFit;
			productReference = D75B41BD1FF18CBB003782CB /* CoinFit.app */;
			productType = "com.apple.product-type.application";
		};
		D75B41D31FF18CBB003782CB /* CoinFitTests */ = {
			isa = PBXNativeTarget;
			buildConfigurationList = D75B41EB1FF18CBB003782CB /* Build configuration list for PBXNativeTarget "CoinFitTests" */;
			buildPhases = (
				C99AF155AA58F36ACBA04D97 /* [CP] Check Pods Manifest.lock */,
				D75B41D01FF18CBB003782CB /* Sources */,
				D75B41D11FF18CBB003782CB /* Frameworks */,
				D75B41D21FF18CBB003782CB /* Resources */,
				5F458D1A1839E071E14CB805 /* [CP] Embed Pods Frameworks */,
				57639579AE8BAE86A2CF8494 /* [CP] Copy Pods Resources */,
			);
			buildRules = (
			);
			dependencies = (
				D75B41D61FF18CBB003782CB /* PBXTargetDependency */,
			);
			name = CoinFitTests;
			productName = CoinFitTests;
			productReference = D75B41D41FF18CBB003782CB /* CoinFitTests.xctest */;
			productType = "com.apple.product-type.bundle.unit-test";
		};
		D75B41DE1FF18CBB003782CB /* CoinFitUITests */ = {
			isa = PBXNativeTarget;
			buildConfigurationList = D75B41EE1FF18CBB003782CB /* Build configuration list for PBXNativeTarget "CoinFitUITests" */;
			buildPhases = (
				EE3C75EDE552E6660EB3BC0B /* [CP] Check Pods Manifest.lock */,
				D75B41DB1FF18CBB003782CB /* Sources */,
				D75B41DC1FF18CBB003782CB /* Frameworks */,
				D75B41DD1FF18CBB003782CB /* Resources */,
				9FFC9417CFA5240F2384E14B /* [CP] Embed Pods Frameworks */,
				FF16B57419B1AB813611667C /* [CP] Copy Pods Resources */,
			);
			buildRules = (
			);
			dependencies = (
				D75B41E11FF18CBB003782CB /* PBXTargetDependency */,
			);
			name = CoinFitUITests;
			productName = CoinFitUITests;
			productReference = D75B41DF1FF18CBB003782CB /* CoinFitUITests.xctest */;
			productType = "com.apple.product-type.bundle.ui-testing";
		};
/* End PBXNativeTarget section */

/* Begin PBXProject section */
		D75B41B51FF18CBB003782CB /* Project object */ = {
			isa = PBXProject;
			attributes = {
				LastSwiftUpdateCheck = 0920;
				LastUpgradeCheck = 0920;
				ORGANIZATIONNAME = "Deval Parikh";
				TargetAttributes = {
					D75B41BC1FF18CBB003782CB = {
						CreatedOnToolsVersion = 9.2;
						ProvisioningStyle = Automatic;
					};
					D75B41D31FF18CBB003782CB = {
						CreatedOnToolsVersion = 9.2;
						ProvisioningStyle = Automatic;
						TestTargetID = D75B41BC1FF18CBB003782CB;
					};
					D75B41DE1FF18CBB003782CB = {
						CreatedOnToolsVersion = 9.2;
						ProvisioningStyle = Automatic;
						TestTargetID = D75B41BC1FF18CBB003782CB;
					};
				};
			};
			buildConfigurationList = D75B41B81FF18CBB003782CB /* Build configuration list for PBXProject "CoinFit" */;
			compatibilityVersion = "Xcode 8.0";
			developmentRegion = en;
			hasScannedForEncodings = 0;
			knownRegions = (
				en,
				Base,
			);
			mainGroup = D75B41B41FF18CBB003782CB;
			productRefGroup = D75B41BE1FF18CBB003782CB /* Products */;
			projectDirPath = "";
			projectRoot = "";
			targets = (
				D75B41BC1FF18CBB003782CB /* CoinFit */,
				D75B41D31FF18CBB003782CB /* CoinFitTests */,
				D75B41DE1FF18CBB003782CB /* CoinFitUITests */,
			);
		};
/* End PBXProject section */

/* Begin PBXResourcesBuildPhase section */
		D75B41BB1FF18CBB003782CB /* Resources */ = {
			isa = PBXResourcesBuildPhase;
			buildActionMask = 2147483647;
			files = (
				D75B41CE1FF18CBB003782CB /* LaunchScreen.storyboard in Resources */,
				D75B41CB1FF18CBB003782CB /* Assets.xcassets in Resources */,
				D75B41C61FF18CBB003782CB /* Main.storyboard in Resources */,
			);
			runOnlyForDeploymentPostprocessing = 0;
		};
		D75B41D21FF18CBB003782CB /* Resources */ = {
			isa = PBXResourcesBuildPhase;
			buildActionMask = 2147483647;
			files = (
			);
			runOnlyForDeploymentPostprocessing = 0;
		};
		D75B41DD1FF18CBB003782CB /* Resources */ = {
			isa = PBXResourcesBuildPhase;
			buildActionMask = 2147483647;
			files = (
			);
			runOnlyForDeploymentPostprocessing = 0;
		};
/* End PBXResourcesBuildPhase section */

/* Begin PBXShellScriptBuildPhase section */
		57639579AE8BAE86A2CF8494 /* [CP] Copy Pods Resources */ = {
			isa = PBXShellScriptBuildPhase;
			buildActionMask = 2147483647;
			files = (
			);
			inputPaths = (
			);
			name = "[CP] Copy Pods Resources";
			outputPaths = (
			);
			runOnlyForDeploymentPostprocessing = 0;
			shellPath = /bin/sh;
			shellScript = "\"${SRCROOT}/Pods/Target Support Files/Pods-CoinFitTests/Pods-CoinFitTests-resources.sh\"\n";
			showEnvVarsInLog = 0;
		};
		5F458D1A1839E071E14CB805 /* [CP] Embed Pods Frameworks */ = {
			isa = PBXShellScriptBuildPhase;
			buildActionMask = 2147483647;
			files = (
			);
			inputPaths = (
			);
			name = "[CP] Embed Pods Frameworks";
			outputPaths = (
			);
			runOnlyForDeploymentPostprocessing = 0;
			shellPath = /bin/sh;
			shellScript = "\"${SRCROOT}/Pods/Target Support Files/Pods-CoinFitTests/Pods-CoinFitTests-frameworks.sh\"\n";
			showEnvVarsInLog = 0;
		};
		9F13A2E5969FB341795624B3 /* [CP] Check Pods Manifest.lock */ = {
			isa = PBXShellScriptBuildPhase;
			buildActionMask = 2147483647;
			files = (
			);
			inputPaths = (
				"${PODS_PODFILE_DIR_PATH}/Podfile.lock",
				"${PODS_ROOT}/Manifest.lock",
			);
			name = "[CP] Check Pods Manifest.lock";
			outputPaths = (
				"$(DERIVED_FILE_DIR)/Pods-CoinFit-checkManifestLockResult.txt",
			);
			runOnlyForDeploymentPostprocessing = 0;
			shellPath = /bin/sh;
			shellScript = "diff \"${PODS_PODFILE_DIR_PATH}/Podfile.lock\" \"${PODS_ROOT}/Manifest.lock\" > /dev/null\nif [ $? != 0 ] ; then\n    # print error to STDERR\n    echo \"error: The sandbox is not in sync with the Podfile.lock. Run 'pod install' or update your CocoaPods installation.\" >&2\n    exit 1\nfi\n# This output is used by Xcode 'outputs' to avoid re-running this script phase.\necho \"SUCCESS\" > \"${SCRIPT_OUTPUT_FILE_0}\"\n";
			showEnvVarsInLog = 0;
		};
		9FFC9417CFA5240F2384E14B /* [CP] Embed Pods Frameworks */ = {
			isa = PBXShellScriptBuildPhase;
			buildActionMask = 2147483647;
			files = (
			);
			inputPaths = (
			);
			name = "[CP] Embed Pods Frameworks";
			outputPaths = (
			);
			runOnlyForDeploymentPostprocessing = 0;
			shellPath = /bin/sh;
			shellScript = "\"${SRCROOT}/Pods/Target Support Files/Pods-CoinFitUITests/Pods-CoinFitUITests-frameworks.sh\"\n";
			showEnvVarsInLog = 0;
		};
		B87D11A311B9A0DA499813AE /* [CP] Copy Pods Resources */ = {
			isa = PBXShellScriptBuildPhase;
			buildActionMask = 2147483647;
			files = (
			);
			inputPaths = (
			);
			name = "[CP] Copy Pods Resources";
			outputPaths = (
			);
			runOnlyForDeploymentPostprocessing = 0;
			shellPath = /bin/sh;
			shellScript = "\"${SRCROOT}/Pods/Target Support Files/Pods-CoinFit/Pods-CoinFit-resources.sh\"\n";
			showEnvVarsInLog = 0;
		};
		C99AF155AA58F36ACBA04D97 /* [CP] Check Pods Manifest.lock */ = {
			isa = PBXShellScriptBuildPhase;
			buildActionMask = 2147483647;
			files = (
			);
			inputPaths = (
				"${PODS_PODFILE_DIR_PATH}/Podfile.lock",
				"${PODS_ROOT}/Manifest.lock",
			);
			name = "[CP] Check Pods Manifest.lock";
			outputPaths = (
				"$(DERIVED_FILE_DIR)/Pods-CoinFitTests-checkManifestLockResult.txt",
			);
			runOnlyForDeploymentPostprocessing = 0;
			shellPath = /bin/sh;
			shellScript = "diff \"${PODS_PODFILE_DIR_PATH}/Podfile.lock\" \"${PODS_ROOT}/Manifest.lock\" > /dev/null\nif [ $? != 0 ] ; then\n    # print error to STDERR\n    echo \"error: The sandbox is not in sync with the Podfile.lock. Run 'pod install' or update your CocoaPods installation.\" >&2\n    exit 1\nfi\n# This output is used by Xcode 'outputs' to avoid re-running this script phase.\necho \"SUCCESS\" > \"${SCRIPT_OUTPUT_FILE_0}\"\n";
			showEnvVarsInLog = 0;
		};
		E287878A5165191D47F67CED /* [CP] Embed Pods Frameworks */ = {
			isa = PBXShellScriptBuildPhase;
			buildActionMask = 2147483647;
			files = (
			);
			inputPaths = (
				"${SRCROOT}/Pods/Target Support Files/Pods-CoinFit/Pods-CoinFit-frameworks.sh",
				"${BUILT_PRODUCTS_DIR}/TextFieldEffects/TextFieldEffects.framework",
			);
			name = "[CP] Embed Pods Frameworks";
			outputPaths = (
				"${TARGET_BUILD_DIR}/${FRAMEWORKS_FOLDER_PATH}/TextFieldEffects.framework",
			);
			runOnlyForDeploymentPostprocessing = 0;
			shellPath = /bin/sh;
			shellScript = "\"${SRCROOT}/Pods/Target Support Files/Pods-CoinFit/Pods-CoinFit-frameworks.sh\"\n";
			showEnvVarsInLog = 0;
		};
		EE3C75EDE552E6660EB3BC0B /* [CP] Check Pods Manifest.lock */ = {
			isa = PBXShellScriptBuildPhase;
			buildActionMask = 2147483647;
			files = (
			);
			inputPaths = (
				"${PODS_PODFILE_DIR_PATH}/Podfile.lock",
				"${PODS_ROOT}/Manifest.lock",
			);
			name = "[CP] Check Pods Manifest.lock";
			outputPaths = (
				"$(DERIVED_FILE_DIR)/Pods-CoinFitUITests-checkManifestLockResult.txt",
			);
			runOnlyForDeploymentPostprocessing = 0;
			shellPath = /bin/sh;
			shellScript = "diff \"${PODS_PODFILE_DIR_PATH}/Podfile.lock\" \"${PODS_ROOT}/Manifest.lock\" > /dev/null\nif [ $? != 0 ] ; then\n    # print error to STDERR\n    echo \"error: The sandbox is not in sync with the Podfile.lock. Run 'pod install' or update your CocoaPods installation.\" >&2\n    exit 1\nfi\n# This output is used by Xcode 'outputs' to avoid re-running this script phase.\necho \"SUCCESS\" > \"${SCRIPT_OUTPUT_FILE_0}\"\n";
			showEnvVarsInLog = 0;
		};
		FF16B57419B1AB813611667C /* [CP] Copy Pods Resources */ = {
			isa = PBXShellScriptBuildPhase;
			buildActionMask = 2147483647;
			files = (
			);
			inputPaths = (
			);
			name = "[CP] Copy Pods Resources";
			outputPaths = (
			);
			runOnlyForDeploymentPostprocessing = 0;
			shellPath = /bin/sh;
			shellScript = "\"${SRCROOT}/Pods/Target Support Files/Pods-CoinFitUITests/Pods-CoinFitUITests-resources.sh\"\n";
			showEnvVarsInLog = 0;
		};
/* End PBXShellScriptBuildPhase section */

/* Begin PBXSourcesBuildPhase section */
		D75B41B91FF18CBB003782CB /* Sources */ = {
			isa = PBXSourcesBuildPhase;
			buildActionMask = 2147483647;
			files = (
				D75B41C31FF18CBB003782CB /* ViewController.swift in Sources */,
				D75B41C91FF18CBB003782CB /* CoinFit.xcdatamodeld in Sources */,
				D75B41C11FF18CBB003782CB /* AppDelegate.swift in Sources */,
			);
			runOnlyForDeploymentPostprocessing = 0;
		};
		D75B41D01FF18CBB003782CB /* Sources */ = {
			isa = PBXSourcesBuildPhase;
			buildActionMask = 2147483647;
			files = (
				D75B41D91FF18CBB003782CB /* CoinFitTests.swift in Sources */,
			);
			runOnlyForDeploymentPostprocessing = 0;
		};
		D75B41DB1FF18CBB003782CB /* Sources */ = {
			isa = PBXSourcesBuildPhase;
			buildActionMask = 2147483647;
			files = (
				D75B41E41FF18CBB003782CB /* CoinFitUITests.swift in Sources */,
			);
			runOnlyForDeploymentPostprocessing = 0;
		};
/* End PBXSourcesBuildPhase section */

/* Begin PBXTargetDependency section */
		D75B41D61FF18CBB003782CB /* PBXTargetDependency */ = {
			isa = PBXTargetDependency;
			target = D75B41BC1FF18CBB003782CB /* CoinFit */;
			targetProxy = D75B41D51FF18CBB003782CB /* PBXContainerItemProxy */;
		};
		D75B41E11FF18CBB003782CB /* PBXTargetDependency */ = {
			isa = PBXTargetDependency;
			target = D75B41BC1FF18CBB003782CB /* CoinFit */;
			targetProxy = D75B41E01FF18CBB003782CB /* PBXContainerItemProxy */;
		};
/* End PBXTargetDependency section */

/* Begin PBXVariantGroup section */
		D75B41C41FF18CBB003782CB /* Main.storyboard */ = {
			isa = PBXVariantGroup;
			children = (
				D75B41C51FF18CBB003782CB /* Base */,
			);
			name = Main.storyboard;
			sourceTree = "<group>";
		};
		D75B41CC1FF18CBB003782CB /* LaunchScreen.storyboard */ = {
			isa = PBXVariantGroup;
			children = (
				D75B41CD1FF18CBB003782CB /* Base */,
			);
			name = LaunchScreen.storyboard;
			sourceTree = "<group>";
		};
/* End PBXVariantGroup section */

/* Begin XCBuildConfiguration section */
		D75B41E61FF18CBB003782CB /* Debug */ = {
			isa = XCBuildConfiguration;
			buildSettings = {
				ALWAYS_SEARCH_USER_PATHS = NO;
				CLANG_ANALYZER_NONNULL = YES;
				CLANG_ANALYZER_NUMBER_OBJECT_CONVERSION = YES_AGGRESSIVE;
				CLANG_CXX_LANGUAGE_STANDARD = "gnu++14";
				CLANG_CXX_LIBRARY = "libc++";
				CLANG_ENABLE_MODULES = YES;
				CLANG_ENABLE_OBJC_ARC = YES;
				CLANG_WARN_BLOCK_CAPTURE_AUTORELEASING = YES;
				CLANG_WARN_BOOL_CONVERSION = YES;
				CLANG_WARN_COMMA = YES;
				CLANG_WARN_CONSTANT_CONVERSION = YES;
				CLANG_WARN_DIRECT_OBJC_ISA_USAGE = YES_ERROR;
				CLANG_WARN_DOCUMENTATION_COMMENTS = YES;
				CLANG_WARN_EMPTY_BODY = YES;
				CLANG_WARN_ENUM_CONVERSION = YES;
				CLANG_WARN_INFINITE_RECURSION = YES;
				CLANG_WARN_INT_CONVERSION = YES;
				CLANG_WARN_NON_LITERAL_NULL_CONVERSION = YES;
				CLANG_WARN_OBJC_LITERAL_CONVERSION = YES;
				CLANG_WARN_OBJC_ROOT_CLASS = YES_ERROR;
				CLANG_WARN_RANGE_LOOP_ANALYSIS = YES;
				CLANG_WARN_STRICT_PROTOTYPES = YES;
				CLANG_WARN_SUSPICIOUS_MOVE = YES;
				CLANG_WARN_UNGUARDED_AVAILABILITY = YES_AGGRESSIVE;
				CLANG_WARN_UNREACHABLE_CODE = YES;
				CLANG_WARN__DUPLICATE_METHOD_MATCH = YES;
				CODE_SIGN_IDENTITY = "iPhone Developer";
				COPY_PHASE_STRIP = NO;
				DEBUG_INFORMATION_FORMAT = dwarf;
				ENABLE_STRICT_OBJC_MSGSEND = YES;
				ENABLE_TESTABILITY = YES;
				GCC_C_LANGUAGE_STANDARD = gnu11;
				GCC_DYNAMIC_NO_PIC = NO;
				GCC_NO_COMMON_BLOCKS = YES;
				GCC_OPTIMIZATION_LEVEL = 0;
				GCC_PREPROCESSOR_DEFINITIONS = (
					"DEBUG=1",
					"$(inherited)",
				);
				GCC_WARN_64_TO_32_BIT_CONVERSION = YES;
				GCC_WARN_ABOUT_RETURN_TYPE = YES_ERROR;
				GCC_WARN_UNDECLARED_SELECTOR = YES;
				GCC_WARN_UNINITIALIZED_AUTOS = YES_AGGRESSIVE;
				GCC_WARN_UNUSED_FUNCTION = YES;
				GCC_WARN_UNUSED_VARIABLE = YES;
				IPHONEOS_DEPLOYMENT_TARGET = 11.2;
				MTL_ENABLE_DEBUG_INFO = YES;
				ONLY_ACTIVE_ARCH = YES;
				SDKROOT = iphoneos;
				SWIFT_ACTIVE_COMPILATION_CONDITIONS = DEBUG;
				SWIFT_OPTIMIZATION_LEVEL = "-Onone";
			};
			name = Debug;
		};
		D75B41E71FF18CBB003782CB /* Release */ = {
			isa = XCBuildConfiguration;
			buildSettings = {
				ALWAYS_SEARCH_USER_PATHS = NO;
				CLANG_ANALYZER_NONNULL = YES;
				CLANG_ANALYZER_NUMBER_OBJECT_CONVERSION = YES_AGGRESSIVE;
				CLANG_CXX_LANGUAGE_STANDARD = "gnu++14";
				CLANG_CXX_LIBRARY = "libc++";
				CLANG_ENABLE_MODULES = YES;
				CLANG_ENABLE_OBJC_ARC = YES;
				CLANG_WARN_BLOCK_CAPTURE_AUTORELEASING = YES;
				CLANG_WARN_BOOL_CONVERSION = YES;
				CLANG_WARN_COMMA = YES;
				CLANG_WARN_CONSTANT_CONVERSION = YES;
				CLANG_WARN_DIRECT_OBJC_ISA_USAGE = YES_ERROR;
				CLANG_WARN_DOCUMENTATION_COMMENTS = YES;
				CLANG_WARN_EMPTY_BODY = YES;
				CLANG_WARN_ENUM_CONVERSION = YES;
				CLANG_WARN_INFINITE_RECURSION = YES;
				CLANG_WARN_INT_CONVERSION = YES;
				CLANG_WARN_NON_LITERAL_NULL_CONVERSION = YES;
				CLANG_WARN_OBJC_LITERAL_CONVERSION = YES;
				CLANG_WARN_OBJC_ROOT_CLASS = YES_ERROR;
				CLANG_WARN_RANGE_LOOP_ANALYSIS = YES;
				CLANG_WARN_STRICT_PROTOTYPES = YES;
				CLANG_WARN_SUSPICIOUS_MOVE = YES;
				CLANG_WARN_UNGUARDED_AVAILABILITY = YES_AGGRESSIVE;
				CLANG_WARN_UNREACHABLE_CODE = YES;
				CLANG_WARN__DUPLICATE_METHOD_MATCH = YES;
				CODE_SIGN_IDENTITY = "iPhone Developer";
				COPY_PHASE_STRIP = NO;
				DEBUG_INFORMATION_FORMAT = "dwarf-with-dsym";
				ENABLE_NS_ASSERTIONS = NO;
				ENABLE_STRICT_OBJC_MSGSEND = YES;
				GCC_C_LANGUAGE_STANDARD = gnu11;
				GCC_NO_COMMON_BLOCKS = YES;
				GCC_WARN_64_TO_32_BIT_CONVERSION = YES;
				GCC_WARN_ABOUT_RETURN_TYPE = YES_ERROR;
				GCC_WARN_UNDECLARED_SELECTOR = YES;
				GCC_WARN_UNINITIALIZED_AUTOS = YES_AGGRESSIVE;
				GCC_WARN_UNUSED_FUNCTION = YES;
				GCC_WARN_UNUSED_VARIABLE = YES;
				IPHONEOS_DEPLOYMENT_TARGET = 11.2;
				MTL_ENABLE_DEBUG_INFO = NO;
				SDKROOT = iphoneos;
				SWIFT_OPTIMIZATION_LEVEL = "-Owholemodule";
				VALIDATE_PRODUCT = YES;
			};
			name = Release;
		};
		D75B41E91FF18CBB003782CB /* Debug */ = {
			isa = XCBuildConfiguration;
			baseConfigurationReference = 86F906DB73E51508B0E87BCC /* Pods-CoinFit.debug.xcconfig */;
			buildSettings = {
				ASSETCATALOG_COMPILER_APPICON_NAME = AppIcon;
				CODE_SIGN_STYLE = Automatic;
				DEVELOPMENT_TEAM = ZM8H5T7XNA;
				INFOPLIST_FILE = CoinFit/Info.plist;
				IPHONEOS_DEPLOYMENT_TARGET = 11.2;
				LD_RUNPATH_SEARCH_PATHS = "$(inherited) @executable_path/Frameworks";
				PRODUCT_BUNDLE_IDENTIFIER = com.devalparikh.CoinFit1;
				PRODUCT_NAME = "$(TARGET_NAME)";
				SWIFT_VERSION = 4.0;
				TARGETED_DEVICE_FAMILY = 1;
			};
			name = Debug;
		};
		D75B41EA1FF18CBB003782CB /* Release */ = {
			isa = XCBuildConfiguration;
			baseConfigurationReference = 965A1E58FC79DF7207FA9002 /* Pods-CoinFit.release.xcconfig */;
			buildSettings = {
				ASSETCATALOG_COMPILER_APPICON_NAME = AppIcon;
				CODE_SIGN_STYLE = Automatic;
				DEVELOPMENT_TEAM = ZM8H5T7XNA;
				INFOPLIST_FILE = CoinFit/Info.plist;
				IPHONEOS_DEPLOYMENT_TARGET = 11.2;
				LD_RUNPATH_SEARCH_PATHS = "$(inherited) @executable_path/Frameworks";
				PRODUCT_BUNDLE_IDENTIFIER = com.devalparikh.CoinFit1;
				PRODUCT_NAME = "$(TARGET_NAME)";
				SWIFT_VERSION = 4.0;
				TARGETED_DEVICE_FAMILY = 1;
			};
			name = Release;
		};
		D75B41EC1FF18CBB003782CB /* Debug */ = {
			isa = XCBuildConfiguration;
			baseConfigurationReference = D5D8C516FD7E73F7D72C50D3 /* Pods-CoinFitTests.debug.xcconfig */;
			buildSettings = {
				ALWAYS_EMBED_SWIFT_STANDARD_LIBRARIES = YES;
				BUNDLE_LOADER = "$(TEST_HOST)";
				CODE_SIGN_STYLE = Automatic;
				DEVELOPMENT_TEAM = ZM8H5T7XNA;
				INFOPLIST_FILE = CoinFitTests/Info.plist;
				LD_RUNPATH_SEARCH_PATHS = "$(inherited) @executable_path/Frameworks @loader_path/Frameworks";
				PRODUCT_BUNDLE_IDENTIFIER = com.devalparikh.CoinFitTests;
				PRODUCT_NAME = "$(TARGET_NAME)";
				SWIFT_VERSION = 4.0;
				TARGETED_DEVICE_FAMILY = "1,2";
				TEST_HOST = "$(BUILT_PRODUCTS_DIR)/CoinFit.app/CoinFit";
			};
			name = Debug;
		};
		D75B41ED1FF18CBB003782CB /* Release */ = {
			isa = XCBuildConfiguration;
			baseConfigurationReference = 389CE5824DE0F381F8777DD5 /* Pods-CoinFitTests.release.xcconfig */;
			buildSettings = {
				ALWAYS_EMBED_SWIFT_STANDARD_LIBRARIES = YES;
				BUNDLE_LOADER = "$(TEST_HOST)";
				CODE_SIGN_STYLE = Automatic;
				DEVELOPMENT_TEAM = ZM8H5T7XNA;
				INFOPLIST_FILE = CoinFitTests/Info.plist;
				LD_RUNPATH_SEARCH_PATHS = "$(inherited) @executable_path/Frameworks @loader_path/Frameworks";
				PRODUCT_BUNDLE_IDENTIFIER = com.devalparikh.CoinFitTests;
				PRODUCT_NAME = "$(TARGET_NAME)";
				SWIFT_VERSION = 4.0;
				TARGETED_DEVICE_FAMILY = "1,2";
				TEST_HOST = "$(BUILT_PRODUCTS_DIR)/CoinFit.app/CoinFit";
			};
			name = Release;
		};
		D75B41EF1FF18CBB003782CB /* Debug */ = {
			isa = XCBuildConfiguration;
			baseConfigurationReference = 190E2C1E736A53F29675310C /* Pods-CoinFitUITests.debug.xcconfig */;
			buildSettings = {
				ALWAYS_EMBED_SWIFT_STANDARD_LIBRARIES = YES;
				CODE_SIGN_STYLE = Automatic;
				DEVELOPMENT_TEAM = ZM8H5T7XNA;
				INFOPLIST_FILE = CoinFitUITests/Info.plist;
				LD_RUNPATH_SEARCH_PATHS = "$(inherited) @executable_path/Frameworks @loader_path/Frameworks";
				PRODUCT_BUNDLE_IDENTIFIER = com.devalparikh.CoinFitUITests;
				PRODUCT_NAME = "$(TARGET_NAME)";
				SWIFT_VERSION = 4.0;
				TARGETED_DEVICE_FAMILY = "1,2";
				TEST_TARGET_NAME = CoinFit;
			};
			name = Debug;
		};
		D75B41F01FF18CBB003782CB /* Release */ = {
			isa = XCBuildConfiguration;
			baseConfigurationReference = BD56E72C10B9B8E942EDF2D4 /* Pods-CoinFitUITests.release.xcconfig */;
			buildSettings = {
				ALWAYS_EMBED_SWIFT_STANDARD_LIBRARIES = YES;
				CODE_SIGN_STYLE = Automatic;
				DEVELOPMENT_TEAM = ZM8H5T7XNA;
				INFOPLIST_FILE = CoinFitUITests/Info.plist;
				LD_RUNPATH_SEARCH_PATHS = "$(inherited) @executable_path/Frameworks @loader_path/Frameworks";
				PRODUCT_BUNDLE_IDENTIFIER = com.devalparikh.CoinFitUITests;
				PRODUCT_NAME = "$(TARGET_NAME)";
				SWIFT_VERSION = 4.0;
				TARGETED_DEVICE_FAMILY = "1,2";
				TEST_TARGET_NAME = CoinFit;
			};
			name = Release;
		};
/* End XCBuildConfiguration section */

/* Begin XCConfigurationList section */
		D75B41B81FF18CBB003782CB /* Build configuration list for PBXProject "CoinFit" */ = {
			isa = XCConfigurationList;
			buildConfigurations = (
				D75B41E61FF18CBB003782CB /* Debug */,
				D75B41E71FF18CBB003782CB /* Release */,
			);
			defaultConfigurationIsVisible = 0;
			defaultConfigurationName = Release;
		};
		D75B41E81FF18CBB003782CB /* Build configuration list for PBXNativeTarget "CoinFit" */ = {
			isa = XCConfigurationList;
			buildConfigurations = (
				D75B41E91FF18CBB003782CB /* Debug */,
				D75B41EA1FF18CBB003782CB /* Release */,
			);
			defaultConfigurationIsVisible = 0;
			defaultConfigurationName = Release;
		};
		D75B41EB1FF18CBB003782CB /* Build configuration list for PBXNativeTarget "CoinFitTests" */ = {
			isa = XCConfigurationList;
			buildConfigurations = (
				D75B41EC1FF18CBB003782CB /* Debug */,
				D75B41ED1FF18CBB003782CB /* Release */,
			);
			defaultConfigurationIsVisible = 0;
			defaultConfigurationName = Release;
		};
		D75B41EE1FF18CBB003782CB /* Build configuration list for PBXNativeTarget "CoinFitUITests" */ = {
			isa = XCConfigurationList;
			buildConfigurations = (
				D75B41EF1FF18CBB003782CB /* Debug */,
				D75B41F01FF18CBB003782CB /* Release */,
			);
			defaultConfigurationIsVisible = 0;
			defaultConfigurationName = Release;
		};
/* End XCConfigurationList section */

/* Begin XCVersionGroup section */
		D75B41C71FF18CBB003782CB /* CoinFit.xcdatamodeld */ = {
			isa = XCVersionGroup;
			children = (
				D75B41C81FF18CBB003782CB /* CoinFit.xcdatamodel */,
			);
			currentVersion = D75B41C81FF18CBB003782CB /* CoinFit.xcdatamodel */;
			path = CoinFit.xcdatamodeld;
			sourceTree = "<group>";
			versionGroupType = wrapper.xcdatamodel;
		};
/* End XCVersionGroup section */
	};
	rootObject = D75B41B51FF18CBB003782CB /* Project object */;
}
